# This file is automatically @generated by Cargo.
# It is not intended for manual editing.
version = 3

[[package]]
name = "adler32"
version = "1.0.3"
source = "registry+https://github.com/rust-lang/crates.io-index"
checksum = "7e522997b529f05601e05166c07ed17789691f562762c7f3b987263d2dedee5c"

[[package]]
name = "alga"
version = "0.5.4"
source = "registry+https://github.com/rust-lang/crates.io-index"
checksum = "88c4144cd393075e782c633b4f9c5dea4811aed18ed59f518ae2ca2b553e3d09"
dependencies = [
 "approx 0.1.1",
 "num-complex",
 "num-traits 0.1.43",
]

[[package]]
name = "alsa-sys"
version = "0.1.2"
source = "registry+https://github.com/rust-lang/crates.io-index"
checksum = "b0edcbbf9ef68f15ae1b620f722180b82a98b6f0628d30baa6b8d2a5abc87d58"
dependencies = [
 "libc",
 "pkg-config",
]

[[package]]
name = "android_glue"
version = "0.2.3"
source = "registry+https://github.com/rust-lang/crates.io-index"
checksum = "000444226fcff248f2bc4c7625be32c63caccfecc2723a2b9f78a7487a49c407"

[[package]]
name = "approx"
version = "0.1.1"
source = "registry+https://github.com/rust-lang/crates.io-index"
checksum = "08abcc3b4e9339e33a3d0a5ed15d84a687350c05689d825e0f6655eef9e76a94"

[[package]]
name = "approx"
version = "0.2.0"
source = "registry+https://github.com/rust-lang/crates.io-index"
checksum = "5817aa36ff3bf3ceb774e8c678c4294d1544f98d9a6af2588c9011a88dbc6994"
dependencies = [
 "num-traits 0.2.5",
]

[[package]]
name = "arrayvec"
version = "0.4.7"
source = "registry+https://github.com/rust-lang/crates.io-index"
checksum = "a1e964f9e24d588183fcb43503abda40d288c8657dfc27311516ce2f05675aef"
dependencies = [
 "nodrop",
]

[[package]]
name = "bitflags"
version = "1.0.3"
source = "registry+https://github.com/rust-lang/crates.io-index"
checksum = "d0c54bb8f454c567f21197eefcdbf5679d0bd99f2ddbe52e84c77061952e6789"

[[package]]
name = "block"
version = "0.1.6"
source = "registry+https://github.com/rust-lang/crates.io-index"
checksum = "0d8c1fef690941d3e7788d328517591fecc684c084084702d6ff1641e993699a"

[[package]]
name = "byteorder"
version = "1.2.3"
source = "registry+https://github.com/rust-lang/crates.io-index"
checksum = "74c0b906e9446b0a2e4f760cdb3fa4b2c48cdc6db8766a845c54b6ff063fd2e9"

[[package]]
name = "bytes"
version = "0.4.8"
source = "registry+https://github.com/rust-lang/crates.io-index"
checksum = "7dd32989a66957d3f0cba6588f15d4281a733f4e9ffc43fcd2385f57d3bf99ff"
dependencies = [
 "byteorder",
 "iovec",
]

[[package]]
name = "cc"
version = "1.0.18"
source = "registry+https://github.com/rust-lang/crates.io-index"
checksum = "2119ea4867bd2b8ed3aecab467709720b2d55b1bcfe09f772fd68066eaf15275"

[[package]]
name = "cfg-if"
version = "0.1.4"
source = "registry+https://github.com/rust-lang/crates.io-index"
checksum = "efe5c877e17a9c717a0bf3613b2709f723202c4e4675cc8f12926ded29bcb17e"

[[package]]
name = "cgl"
version = "0.2.2"
source = "registry+https://github.com/rust-lang/crates.io-index"
checksum = "80f05e25f9631fdee56693110feda284a49308ca1e768857a0ad3906cfc1502a"
dependencies = [
 "gleam",
 "libc",
]

[[package]]
name = "cgmath"
version = "0.14.1"
source = "registry+https://github.com/rust-lang/crates.io-index"
checksum = "87f025a17ad3f30d49015c787903976d5f9cd6115ece1eb7f4d6ffe06b8c4080"
dependencies = [
 "approx 0.1.1",
 "num-traits 0.1.43",
 "rand 0.3.22",
]

[[package]]
name = "claxon"
version = "0.3.1"
source = "registry+https://github.com/rust-lang/crates.io-index"
checksum = "84d1237389598ada39533a0015b2d04a9e21cae771c1ab9327fb87520c9e84c7"

[[package]]
name = "cloudabi"
version = "0.0.3"
source = "registry+https://github.com/rust-lang/crates.io-index"
checksum = "ddfc5b9aa5d4507acaf872de71051dfd0e309860e88966e1051e462a077aac4f"
dependencies = [
 "bitflags",
]

[[package]]
name = "cocoa"
version = "0.15.0"
source = "registry+https://github.com/rust-lang/crates.io-index"
checksum = "7b44bd25bd275e9d74a5dff8ca55f2fb66c9ad5e12170d58697701df21a56e0e"
dependencies = [
 "bitflags",
 "block",
 "core-graphics",
 "libc",
 "objc",
]

[[package]]
name = "color_quant"
version = "1.0.1"
source = "registry+https://github.com/rust-lang/crates.io-index"
checksum = "0dbbb57365263e881e805dc77d94697c9118fd94d8da011240555aa7b23445bd"

[[package]]
name = "core-foundation"
version = "0.6.1"
source = "registry+https://github.com/rust-lang/crates.io-index"
checksum = "cc3532ec724375c7cb7ff0a097b714fde180bb1f6ed2ab27cfcd99ffca873cd2"
dependencies = [
 "core-foundation-sys",
 "libc",
]

[[package]]
name = "core-foundation-sys"
version = "0.6.1"
source = "registry+https://github.com/rust-lang/crates.io-index"
checksum = "a3fb15cdbdd9cf8b82d97d0296bb5cd3631bba58d6e31650a002a8e7fb5721f9"

[[package]]
name = "core-graphics"
version = "0.14.0"
source = "registry+https://github.com/rust-lang/crates.io-index"
checksum = "e54c4ab33705fa1fc8af375bb7929d68e1c1546c1ecef408966d8c3e49a1d84a"
dependencies = [
 "bitflags",
 "core-foundation",
 "foreign-types",
 "libc",
]

[[package]]
name = "coreaudio-rs"
version = "0.7.0"
source = "registry+https://github.com/rust-lang/crates.io-index"
checksum = "22ec432725379967f9014b481afcb7c07a4fb154d836d3711730972ea91675ea"
dependencies = [
 "bitflags",
 "coreaudio-sys",
 "libc",
]

[[package]]
name = "coreaudio-sys"
version = "0.1.2"
source = "registry+https://github.com/rust-lang/crates.io-index"
checksum = "31231897622a4cd14cb211af6f26d6fcf0c78078fa60c586ce9db8f0b581cd44"
dependencies = [
 "libc",
]

[[package]]
name = "cpal"
version = "0.6.0"
source = "registry+https://github.com/rust-lang/crates.io-index"
checksum = "b609483a9b9dbd787bc34d0da25924f161411a70673a20d2241ce3eb81f2f65e"
dependencies = [
 "alsa-sys",
 "coreaudio-rs",
 "kernel32-sys",
 "lazy_static 0.2.11",
 "libc",
 "ole32-sys",
 "stdweb",
 "winapi 0.2.8",
]

[[package]]
name = "crossbeam-deque"
version = "0.2.0"
source = "registry+https://github.com/rust-lang/crates.io-index"
checksum = "f739f8c5363aca78cfb059edf753d8f0d36908c348f3d8d1503f03d8b75d9cf3"
dependencies = [
 "crossbeam-epoch",
 "crossbeam-utils",
]

[[package]]
name = "crossbeam-epoch"
version = "0.3.1"
source = "registry+https://github.com/rust-lang/crates.io-index"
checksum = "927121f5407de9956180ff5e936fe3cf4324279280001cd56b669d28ee7e9150"
dependencies = [
 "arrayvec",
 "cfg-if",
 "crossbeam-utils",
 "lazy_static 1.0.1",
 "memoffset",
 "nodrop",
 "scopeguard",
]

[[package]]
name = "crossbeam-utils"
version = "0.2.2"
source = "registry+https://github.com/rust-lang/crates.io-index"
checksum = "2760899e32a1d58d5abb31129f8fae5de75220bc2176e77ff7c627ae45c918d9"
dependencies = [
 "cfg-if",
]

[[package]]
name = "deflate"
version = "0.7.18"
source = "registry+https://github.com/rust-lang/crates.io-index"
checksum = "32c8120d981901a9970a3a1c97cf8b630e0fa8c3ca31e75b6fd6fd5f9f427b31"
dependencies = [
 "adler32",
 "byteorder",
]

[[package]]
name = "dlib"
version = "0.4.1"
source = "registry+https://github.com/rust-lang/crates.io-index"
checksum = "77e51249a9d823a4cb79e3eca6dcd756153e8ed0157b6c04775d04bf1b13b76a"
dependencies = [
 "libloading",
]

[[package]]
name = "downcast-rs"
version = "1.0.3"
source = "registry+https://github.com/rust-lang/crates.io-index"
checksum = "18df8ce4470c189d18aa926022da57544f31e154631eb4cfe796aea97051fe6c"

[[package]]
name = "dtoa"
version = "0.4.3"
source = "registry+https://github.com/rust-lang/crates.io-index"
checksum = "6d301140eb411af13d3115f9a562c85cc6b541ade9dfa314132244aaee7489dd"

[[package]]
name = "either"
version = "1.5.0"
source = "registry+https://github.com/rust-lang/crates.io-index"
checksum = "3be565ca5c557d7f59e7cfcf1844f9e3033650c929c6566f511e8005f205c1d0"

[[package]]
name = "fnv"
version = "1.0.6"
source = "registry+https://github.com/rust-lang/crates.io-index"
checksum = "2fad85553e09a6f881f739c29f0b00b0f01357c743266d478b68951ce23285f3"

[[package]]
name = "foreign-types"
version = "0.3.2"
source = "registry+https://github.com/rust-lang/crates.io-index"
checksum = "f6f339eb8adc052cd2ca78910fda869aefa38d22d5cb648e6485e4d3fc06f3b1"
dependencies = [
 "foreign-types-shared",
]

[[package]]
name = "foreign-types-shared"
version = "0.1.1"
source = "registry+https://github.com/rust-lang/crates.io-index"
checksum = "00b0228411908ca8685dba7fc2cdd70ec9990a6e753e89b6ac91a84c40fbaf4b"

[[package]]
name = "fuchsia-zircon"
version = "0.3.3"
source = "registry+https://github.com/rust-lang/crates.io-index"
checksum = "2e9763c69ebaae630ba35f74888db465e49e259ba1bc0eda7d06f4a067615d82"
dependencies = [
 "bitflags",
 "fuchsia-zircon-sys",
]

[[package]]
name = "fuchsia-zircon-sys"
version = "0.3.3"
source = "registry+https://github.com/rust-lang/crates.io-index"
checksum = "3dcaa9ae7725d12cdb85b3ad99a434db70b468c09ded17e012d86b5c1010f7a7"

[[package]]
name = "futures"
version = "0.1.23"
source = "registry+https://github.com/rust-lang/crates.io-index"
checksum = "884dbe32a6ae4cd7da5c6db9b78114449df9953b8d490c9d7e1b51720b922c62"

[[package]]
name = "gcc"
version = "0.3.54"
source = "registry+https://github.com/rust-lang/crates.io-index"
checksum = "5e33ec290da0d127825013597dbdfc28bee4964690c7ce1166cbc2a7bd08b1bb"

[[package]]
name = "generic-array"
version = "0.8.3"
source = "registry+https://github.com/rust-lang/crates.io-index"
checksum = "fceb69994e330afed50c93524be68c42fa898c2d9fd4ee8da03bd7363acd26f2"
dependencies = [
 "nodrop",
 "typenum",
]

[[package]]
name = "gif"
version = "0.10.0"
source = "registry+https://github.com/rust-lang/crates.io-index"
checksum = "ff3414b424657317e708489d2857d9575f4403698428b040b609b9d1c1a84a2c"
dependencies = [
 "color_quant",
 "lzw",
]

[[package]]
name = "gilrs"
version = "0.6.0"
source = "registry+https://github.com/rust-lang/crates.io-index"
checksum = "95b4fce446fc8983d7bde45753a0c18012cb1cb0ac45aed07d2fa42e970c1242"
dependencies = [
 "fnv",
 "libc",
 "libudev-sys",
 "log",
 "nix 0.10.0",
 "uuid",
 "vec_map",
 "winapi 0.3.5",
]

[[package]]
name = "gl"
version = "0.10.0"
source = "registry+https://github.com/rust-lang/crates.io-index"
checksum = "81457bb802910ad5b535eb48541c51830a761804aa5b7087adbc9d049aa57aca"
dependencies = [
 "gl_generator",
]

[[package]]
name = "gl_generator"
version = "0.9.0"
source = "registry+https://github.com/rust-lang/crates.io-index"
checksum = "7a795170cbd85b5a7baa58d6d7525cae6a03e486859860c220f7ebbbdd379d0a"
dependencies = [
 "khronos_api",
 "log",
 "xml-rs",
]

[[package]]
name = "gleam"
version = "0.5.1"
source = "registry+https://github.com/rust-lang/crates.io-index"
checksum = "12b793fcf40a23dd372f184c228ab3eb96f88c50bb4fba8319c483aa025a4e45"
dependencies = [
 "gl_generator",
]

[[package]]
name = "glutin"
version = "0.16.0"
source = "registry+https://github.com/rust-lang/crates.io-index"
checksum = "42fb2de780307bd2bedbe013bc585659a683e7c6307d0baa878aec3da9250fc1"
dependencies = [
 "android_glue",
 "cgl",
 "cocoa",
 "core-foundation",
 "core-graphics",
 "gl_generator",
 "lazy_static 1.0.1",
 "libc",
 "objc",
 "osmesa-sys",
 "shared_library",
 "wayland-client",
 "winapi 0.3.5",
 "winit",
 "x11-dl",
]

[[package]]
name = "hound"
version = "1.1.0"
source = "registry+https://github.com/rust-lang/crates.io-index"
checksum = "7cb2af8cad251a1869dbc6ae1ae744b849a32458be4aee82cba93481847656a8"

[[package]]
name = "image"
version = "0.19.0"
source = "registry+https://github.com/rust-lang/crates.io-index"
checksum = "ebdff791af04e30089bde8ad2a632b86af433b40c04db8d70ad4b21487db7a6a"
dependencies = [
 "byteorder",
 "gif",
 "jpeg-decoder",
 "lzw",
 "num-derive",
 "num-iter",
 "num-rational",
 "num-traits 0.2.5",
 "png",
 "scoped_threadpool",
]

[[package]]
name = "inflate"
version = "0.4.3"
source = "registry+https://github.com/rust-lang/crates.io-index"
checksum = "6f53b811ee8e2057ccf9643ca6b4277de90efaf5e61e55fd5254576926bb4245"
dependencies = [
 "adler32",
]

[[package]]
name = "iovec"
version = "0.1.2"
source = "registry+https://github.com/rust-lang/crates.io-index"
checksum = "dbe6e417e7d0975db6512b90796e8ce223145ac4e33c377e4a42882a0e88bb08"
dependencies = [
 "libc",
 "winapi 0.2.8",
]

[[package]]
name = "itoa"
version = "0.4.2"
source = "registry+https://github.com/rust-lang/crates.io-index"
checksum = "5adb58558dcd1d786b5f0bd15f3226ee23486e24b7b58304b60f64dc68e62606"

[[package]]
name = "jpeg-decoder"
version = "0.1.15"
source = "registry+https://github.com/rust-lang/crates.io-index"
checksum = "c8b7d43206b34b3f94ea9445174bda196e772049b9bddbc620c9d29b2d20110d"
dependencies = [
 "byteorder",
 "rayon",
]

[[package]]
name = "kernel32-sys"
version = "0.2.2"
source = "registry+https://github.com/rust-lang/crates.io-index"
checksum = "7507624b29483431c0ba2d82aece8ca6cdba9382bff4ddd0f7490560c056098d"
dependencies = [
 "winapi 0.2.8",
 "winapi-build",
]

[[package]]
name = "khronos_api"
version = "2.2.0"
source = "registry+https://github.com/rust-lang/crates.io-index"
checksum = "037ab472c33f67b5fbd3e9163a2645319e5356fcd355efa6d4eb7fff4bbcb554"

[[package]]
name = "lazy_static"
version = "0.2.11"
source = "registry+https://github.com/rust-lang/crates.io-index"
checksum = "76f033c7ad61445c5b347c7382dd1237847eb1bce590fe50365dcb33d546be73"

[[package]]
name = "lazy_static"
version = "1.0.1"
source = "registry+https://github.com/rust-lang/crates.io-index"
checksum = "e6412c5e2ad9584b0b8e979393122026cdd6d2a80b933f890dcd694ddbe73739"

[[package]]
name = "lewton"
version = "0.5.2"
source = "registry+https://github.com/rust-lang/crates.io-index"
checksum = "c1b7b81410f7895d4793bae921cc62317c5500c6ef211c9c24cad778eda77c20"
dependencies = [
 "byteorder",
 "ogg",
]

[[package]]
name = "libc"
version = "0.2.42"
source = "registry+https://github.com/rust-lang/crates.io-index"
checksum = "b685088df2b950fccadf07a7187c8ef846a959c142338a48f9dc0b94517eb5f1"

[[package]]
name = "libloading"
version = "0.5.0"
source = "registry+https://github.com/rust-lang/crates.io-index"
checksum = "9c3ad660d7cb8c5822cd83d10897b0f1f1526792737a179e73896152f85b88c2"
dependencies = [
 "cc",
 "winapi 0.3.5",
]

[[package]]
name = "libudev-sys"
version = "0.1.4"
source = "registry+https://github.com/rust-lang/crates.io-index"
checksum = "3c8469b4a23b962c1396b9b451dda50ef5b283e8dd309d69033475fa9b334324"
dependencies = [
 "libc",
 "pkg-config",
]

[[package]]
name = "log"
version = "0.4.3"
source = "registry+https://github.com/rust-lang/crates.io-index"
checksum = "61bd98ae7f7b754bc53dca7d44b604f733c6bba044ea6f41bc8d89272d8161d2"
dependencies = [
 "cfg-if",
]

[[package]]
name = "lzw"
version = "0.10.0"
source = "registry+https://github.com/rust-lang/crates.io-index"
checksum = "7d947cbb889ed21c2a84be6ffbaebf5b4e0f4340638cba0444907e38b56be084"

[[package]]
name = "malloc_buf"
version = "0.0.6"
source = "registry+https://github.com/rust-lang/crates.io-index"
checksum = "62bb907fe88d54d8d9ce32a3cceab4218ed2f6b7d35617cafe9adf84e43919cb"
dependencies = [
 "libc",
]

[[package]]
name = "matrixmultiply"
version = "0.1.14"
source = "registry+https://github.com/rust-lang/crates.io-index"
checksum = "cac1a66eab356036af85ea093101a14223dc6e3f4c02a59b7d572e5b93270bf7"
dependencies = [
 "rawpointer",
]

[[package]]
name = "maybe-uninit"
version = "2.0.0"
source = "registry+https://github.com/rust-lang/crates.io-index"
checksum = "60302e4db3a61da70c0cb7991976248362f30319e88850c487b9b95bbf059e00"

[[package]]
name = "memmap"
version = "0.6.2"
source = "registry+https://github.com/rust-lang/crates.io-index"
checksum = "e2ffa2c986de11a9df78620c01eeaaf27d94d3ff02bf81bfcca953102dd0c6ff"
dependencies = [
 "libc",
 "winapi 0.3.5",
]

[[package]]
name = "memoffset"
version = "0.2.1"
source = "registry+https://github.com/rust-lang/crates.io-index"
checksum = "0f9dc261e2b62d7a622bf416ea3c5245cdd5d9a7fcc428c0d06804dfce1775b3"

[[package]]
name = "nalgebra"
version = "0.14.4"
source = "registry+https://github.com/rust-lang/crates.io-index"
checksum = "3f73409a1a0876d9d7be16a7fb8fd7e0658df54098210c93a17d2d5e8ca7afe4"
dependencies = [
 "alga",
 "approx 0.1.1",
 "generic-array",
 "matrixmultiply",
 "num-complex",
 "num-traits 0.1.43",
 "rand 0.4.2",
 "typenum",
]

[[package]]
name = "ncollide2d"
version = "0.15.4"
source = "registry+https://github.com/rust-lang/crates.io-index"
checksum = "b03d5e622d8a3545800f5b57c653a38815a6ac35b9cd5dfe906a1809c3bacc0c"
dependencies = [
 "alga",
 "approx 0.1.1",
 "nalgebra",
 "num-traits 0.1.43",
 "rand 0.4.2",
 "slab",
 "smallvec",
]

[[package]]
name = "nix"
version = "0.10.0"
source = "registry+https://github.com/rust-lang/crates.io-index"
checksum = "b7fd5681d13fda646462cfbd4e5f2051279a89a544d50eb98c365b507246839f"
dependencies = [
 "bitflags",
 "bytes",
 "cfg-if",
 "gcc",
 "libc",
 "void",
]

[[package]]
name = "nix"
version = "0.11.0"
source = "registry+https://github.com/rust-lang/crates.io-index"
checksum = "d37e713a259ff641624b6cb20e3b12b2952313ba36b6823c0f16e6cfd9e5de17"
dependencies = [
 "bitflags",
 "cc",
 "cfg-if",
 "libc",
 "void",
]

[[package]]
name = "nodrop"
version = "0.1.12"
source = "registry+https://github.com/rust-lang/crates.io-index"
checksum = "9a2228dca57108069a5262f2ed8bd2e82496d2e074a06d1ccc7ce1687b6ae0a2"

[[package]]
name = "num-complex"
version = "0.1.43"
source = "registry+https://github.com/rust-lang/crates.io-index"
checksum = "b288631d7878aaf59442cffd36910ea604ecd7745c36054328595114001c9656"
dependencies = [
 "num-traits 0.2.5",
]

[[package]]
name = "num-derive"
version = "0.2.2"
source = "registry+https://github.com/rust-lang/crates.io-index"
checksum = "0d2c31b75c36a993d30c7a13d70513cb93f02acafdd5b7ba250f9b0e18615de7"
dependencies = [
 "num-traits 0.2.5",
 "proc-macro2",
 "quote",
 "syn",
]

[[package]]
name = "num-integer"
version = "0.1.39"
source = "registry+https://github.com/rust-lang/crates.io-index"
checksum = "e83d528d2677f0518c570baf2b7abdcf0cd2d248860b68507bdcb3e91d4c0cea"
dependencies = [
 "num-traits 0.2.5",
]

[[package]]
name = "num-iter"
version = "0.1.37"
source = "registry+https://github.com/rust-lang/crates.io-index"
checksum = "af3fdbbc3291a5464dc57b03860ec37ca6bf915ed6ee385e7c6c052c422b2124"
dependencies = [
 "num-integer",
 "num-traits 0.2.5",
]

[[package]]
name = "num-rational"
version = "0.1.42"
source = "registry+https://github.com/rust-lang/crates.io-index"
checksum = "ee314c74bd753fc86b4780aa9475da469155f3848473a261d2d18e35245a784e"
dependencies = [
 "num-integer",
 "num-traits 0.2.5",
]

[[package]]
name = "num-traits"
version = "0.1.43"
source = "registry+https://github.com/rust-lang/crates.io-index"
checksum = "92e5113e9fd4cc14ded8e499429f396a20f98c772a47cc8622a736e1ec843c31"
dependencies = [
 "num-traits 0.2.5",
]

[[package]]
name = "num-traits"
version = "0.2.5"
source = "registry+https://github.com/rust-lang/crates.io-index"
checksum = "630de1ef5cc79d0cdd78b7e33b81f083cbfe90de0f4b2b2f07f905867c70e9fe"

[[package]]
name = "num_cpus"
version = "1.8.0"
source = "registry+https://github.com/rust-lang/crates.io-index"
checksum = "c51a3322e4bca9d212ad9a158a02abc6934d005490c054a2778df73a70aa0a30"
dependencies = [
 "libc",
]

[[package]]
name = "objc"
version = "0.2.3"
source = "registry+https://github.com/rust-lang/crates.io-index"
checksum = "5ffd1ab984e2a5ed8a222a6b567d38a69c1d04d64b19eb7c2b10794c6af9f76c"
dependencies = [
 "malloc_buf",
]

[[package]]
name = "ogg"
version = "0.4.1"
source = "registry+https://github.com/rust-lang/crates.io-index"
checksum = "013b78ceb7fb82555a2f8a95d8e40866fe64a5d15b83c51b3e1fdd40cd903ed3"
dependencies = [
 "byteorder",
]

[[package]]
name = "ole32-sys"
version = "0.2.0"
source = "registry+https://github.com/rust-lang/crates.io-index"
checksum = "5d2c49021782e5233cd243168edfa8037574afed4eba4bbaf538b3d8d1789d8c"
dependencies = [
 "winapi 0.2.8",
 "winapi-build",
]

[[package]]
name = "ordered-float"
version = "0.5.0"
source = "registry+https://github.com/rust-lang/crates.io-index"
checksum = "58d25b6c0e47b20d05226d288ff434940296e7e2f8b877975da32f862152241f"
dependencies = [
 "num-traits 0.1.43",
 "unreachable",
]

[[package]]
name = "osmesa-sys"
version = "0.1.2"
source = "registry+https://github.com/rust-lang/crates.io-index"
checksum = "88cfece6e95d2e717e0872a7f53a8684712ad13822a7979bc760b9c77ec0013b"
dependencies = [
 "shared_library",
]

[[package]]
name = "owning_ref"
version = "0.3.3"
source = "registry+https://github.com/rust-lang/crates.io-index"
checksum = "cdf84f41639e037b484f93433aa3897863b561ed65c6e59c7073d7c561710f37"
dependencies = [
 "stable_deref_trait",
]

[[package]]
name = "parking_lot"
version = "0.5.5"
source = "registry+https://github.com/rust-lang/crates.io-index"
checksum = "d4d05f1349491390b1730afba60bb20d55761bef489a954546b58b4b34e1e2ac"
dependencies = [
 "owning_ref",
 "parking_lot_core",
]

[[package]]
name = "parking_lot_core"
version = "0.2.14"
source = "registry+https://github.com/rust-lang/crates.io-index"
checksum = "4db1a8ccf734a7bce794cc19b3df06ed87ab2f3907036b693c68f56b4d4537fa"
dependencies = [
 "libc",
 "rand 0.4.2",
 "smallvec",
 "winapi 0.3.5",
]

[[package]]
name = "percent-encoding"
version = "1.0.1"
source = "registry+https://github.com/rust-lang/crates.io-index"
checksum = "31010dd2e1ac33d5b46a5b413495239882813e0369f8ed8a5e266f173602f831"

[[package]]
name = "pkg-config"
version = "0.3.11"
source = "registry+https://github.com/rust-lang/crates.io-index"
checksum = "110d5ee3593dbb73f56294327fe5668bcc997897097cbc76b51e7aed3f52452f"

[[package]]
name = "png"
version = "0.12.0"
source = "registry+https://github.com/rust-lang/crates.io-index"
checksum = "f54b9600d584d3b8a739e1662a595fab051329eff43f20e7d8cc22872962145b"
dependencies = [
 "bitflags",
 "deflate",
 "inflate",
 "num-iter",
]

[[package]]
name = "proc-macro2"
version = "0.4.6"
source = "registry+https://github.com/rust-lang/crates.io-index"
checksum = "effdb53b25cdad54f8f48843d67398f7ef2e14f12c1b4cb4effc549a6462a4d6"
dependencies = [
 "unicode-xid",
]

[[package]]
name = "quicksilver"
version = "0.2.1"
source = "registry+https://github.com/rust-lang/crates.io-index"
checksum = "061d3cf90e9ab2c9889fa2db1b9a6b022b8b1dd6ab6410606ab87307ac1890ae"
dependencies = [
 "alga",
 "futures",
 "gilrs",
 "gl",
 "glutin",
 "image",
 "nalgebra",
 "ncollide2d",
 "rand 0.5.4",
 "rodio",
 "rusttype",
 "serde",
 "serde_derive",
 "serde_json",
]

[[package]]
name = "quote"
version = "0.6.3"
source = "registry+https://github.com/rust-lang/crates.io-index"
checksum = "e44651a0dc4cdd99f71c83b561e221f714912d11af1a4dff0631f923d53af035"
dependencies = [
 "proc-macro2",
]

[[package]]
name = "rand"
version = "0.3.22"
source = "registry+https://github.com/rust-lang/crates.io-index"
checksum = "15a732abf9d20f0ad8eeb6f909bf6868722d9a06e1e50802b6a70351f40b4eb1"
dependencies = [
 "fuchsia-zircon",
 "libc",
 "rand 0.4.2",
]

[[package]]
name = "rand"
version = "0.4.2"
source = "registry+https://github.com/rust-lang/crates.io-index"
checksum = "eba5f8cb59cc50ed56be8880a5c7b496bfd9bd26394e176bc67884094145c2c5"
dependencies = [
 "fuchsia-zircon",
 "libc",
 "winapi 0.3.5",
]

[[package]]
name = "rand"
version = "0.5.4"
source = "registry+https://github.com/rust-lang/crates.io-index"
checksum = "12397506224b2f93e6664ffc4f664b29be8208e5157d3d90b44f09b5fae470ea"
dependencies = [
 "cloudabi",
 "fuchsia-zircon",
 "libc",
 "rand_core",
 "winapi 0.3.5",
]

[[package]]
name = "rand_core"
version = "0.2.1"
source = "registry+https://github.com/rust-lang/crates.io-index"
checksum = "edecf0f94da5551fc9b492093e30b041a891657db7940ee221f9d2f66e82eef2"

[[package]]
name = "rawpointer"
version = "0.1.0"
source = "registry+https://github.com/rust-lang/crates.io-index"
checksum = "ebac11a9d2e11f2af219b8b8d833b76b1ea0e054aa0e8d8e9e4cbde353bdf019"

[[package]]
name = "rayon"
version = "1.0.1"
source = "registry+https://github.com/rust-lang/crates.io-index"
checksum = "80e811e76f1dbf68abf87a759083d34600017fc4e10b6bd5ad84a700f9dba4b1"
dependencies = [
 "either",
 "rayon-core",
]

[[package]]
name = "rayon-core"
version = "1.4.0"
source = "registry+https://github.com/rust-lang/crates.io-index"
checksum = "9d24ad214285a7729b174ed6d3bcfcb80177807f959d95fafd5bfc5c4f201ac8"
dependencies = [
 "crossbeam-deque",
 "lazy_static 1.0.1",
 "libc",
 "num_cpus",
 "rand 0.4.2",
]

[[package]]
name = "redox_syscall"
version = "0.1.40"
source = "registry+https://github.com/rust-lang/crates.io-index"
checksum = "c214e91d3ecf43e9a4e41e578973adeb14b474f2bee858742d127af75a0112b1"

[[package]]
name = "remove_dir_all"
version = "0.5.1"
source = "registry+https://github.com/rust-lang/crates.io-index"
checksum = "3488ba1b9a2084d38645c4c08276a1752dcbf2c7130d74f1569681ad5d2799c5"
dependencies = [
 "winapi 0.3.5",
]

[[package]]
name = "rodio"
version = "0.6.0"
source = "registry+https://github.com/rust-lang/crates.io-index"
checksum = "82135109701c376f94274aa396a166f59e2bd109978b0ed63b8bf87ef8bba366"
dependencies = [
 "cgmath",
 "claxon",
 "cpal",
 "hound",
 "lazy_static 1.0.1",
 "lewton",
]

[[package]]
name = "rusttype"
version = "0.6.2"
source = "registry+https://github.com/rust-lang/crates.io-index"
checksum = "8cdf9fbea605646f6bab69ad16803170bec56677bcae7a204996edb7bba9c454"
dependencies = [
 "approx 0.2.0",
 "arrayvec",
 "ordered-float",
 "stb_truetype",
]

[[package]]
name = "scoped_threadpool"
version = "0.1.9"
source = "registry+https://github.com/rust-lang/crates.io-index"
checksum = "1d51f5df5af43ab3f1360b429fa5e0152ac5ce8c0bd6485cae490332e96846a8"

[[package]]
name = "scopeguard"
version = "0.3.3"
source = "registry+https://github.com/rust-lang/crates.io-index"
checksum = "94258f53601af11e6a49f722422f6e3425c52b06245a5cf9bc09908b174f5e27"

[[package]]
name = "serde"
version = "1.0.70"
source = "registry+https://github.com/rust-lang/crates.io-index"
checksum = "0c3adf19c07af6d186d91dae8927b83b0553d07ca56cbf7f2f32560455c91920"

[[package]]
name = "serde_derive"
version = "1.0.70"
source = "registry+https://github.com/rust-lang/crates.io-index"
checksum = "3525a779832b08693031b8ecfb0de81cd71cfd3812088fafe9a7496789572124"
dependencies = [
 "proc-macro2",
 "quote",
 "syn",
]

[[package]]
name = "serde_json"
version = "1.0.22"
source = "registry+https://github.com/rust-lang/crates.io-index"
checksum = "84b8035cabe9b35878adec8ac5fe03d5f6bc97ff6edd7ccb96b44c1276ba390e"
dependencies = [
 "dtoa",
 "itoa",
 "serde",
]

[[package]]
name = "shared_library"
version = "0.1.9"
source = "registry+https://github.com/rust-lang/crates.io-index"
checksum = "5a9e7e0f2bfae24d8a5b5a66c5b257a83c7412304311512a0c054cd5e619da11"
dependencies = [
 "lazy_static 1.0.1",
 "libc",
]

[[package]]
name = "slab"
version = "0.4.0"
source = "registry+https://github.com/rust-lang/crates.io-index"
checksum = "fdeff4cd9ecff59ec7e3744cbca73dfe5ac35c2aedb2cfba8a1c715a18912e9d"

[[package]]
name = "smallvec"
version = "0.6.14"
source = "registry+https://github.com/rust-lang/crates.io-index"
checksum = "b97fcaeba89edba30f044a10c6a3cc39df9c3f17d7cd829dd1446cab35f890e0"
dependencies = [
 "maybe-uninit",
]

[[package]]
name = "smithay-client-toolkit"
version = "0.2.5"
source = "registry+https://github.com/rust-lang/crates.io-index"
checksum = "c9c4c48491cb134d8331cbf652f996800d81cc082a369502aeb3f9b992d10155"
dependencies = [
 "bitflags",
 "byteorder",
 "dlib",
 "lazy_static 1.0.1",
 "memmap",
 "nix 0.11.0",
 "tempfile",
 "wayland-client",
 "wayland-commons",
 "wayland-protocols",
]

[[package]]
name = "snakegame-quicksilver"
version = "0.1.0"
dependencies = [
 "quicksilver",
 "rand 0.5.4",
]

[[package]]
name = "stable_deref_trait"
version = "1.1.0"
source = "registry+https://github.com/rust-lang/crates.io-index"
checksum = "ffbc596e092fe5f598b12ef46cc03754085ac2f4d8c739ad61c4ae266cc3b3fa"

[[package]]
name = "stb_truetype"
version = "0.2.2"
source = "registry+https://github.com/rust-lang/crates.io-index"
checksum = "52ce2b38abdd11cffbc68928810248e0dd003fea489a88a404dc1ba7ae2d5538"
dependencies = [
 "byteorder",
]

[[package]]
name = "stdweb"
version = "0.1.3"
source = "registry+https://github.com/rust-lang/crates.io-index"
checksum = "ef5430c8e36b713e13b48a9f709cc21e046723fe44ce34587b73a830203b533e"

[[package]]
name = "syn"
version = "0.14.4"
source = "registry+https://github.com/rust-lang/crates.io-index"
checksum = "2beff8ebc3658f07512a413866875adddd20f4fd47b2a4e6c9da65cd281baaea"
dependencies = [
 "proc-macro2",
 "quote",
 "unicode-xid",
]

[[package]]
name = "tempfile"
version = "3.0.2"
source = "registry+https://github.com/rust-lang/crates.io-index"
checksum = "47776f63b85777d984a50ce49d6b9e58826b6a3766a449fc95bc66cd5663c15b"
dependencies = [
 "libc",
 "rand 0.4.2",
 "redox_syscall",
 "remove_dir_all",
 "winapi 0.3.5",
]

[[package]]
name = "typenum"
version = "1.10.0"
source = "registry+https://github.com/rust-lang/crates.io-index"
checksum = "612d636f949607bdf9b123b4a6f6d966dedf3ff669f7f045890d3a4a73948169"

[[package]]
name = "unicode-xid"
version = "0.1.0"
source = "registry+https://github.com/rust-lang/crates.io-index"
checksum = "fc72304796d0818e357ead4e000d19c9c174ab23dc11093ac919054d20a6a7fc"

[[package]]
name = "unreachable"
version = "0.1.1"
source = "registry+https://github.com/rust-lang/crates.io-index"
checksum = "1f2ae5ddb18e1c92664717616dd9549dde73f539f01bd7b77c2edb2446bdff91"
dependencies = [
 "void",
]

[[package]]
name = "uuid"
version = "0.6.5"
source = "registry+https://github.com/rust-lang/crates.io-index"
checksum = "e1436e58182935dcd9ce0add9ea0b558e8a87befe01c1a301e6020aeb0876363"
dependencies = [
 "cfg-if",
]

[[package]]
name = "vec_map"
version = "0.8.1"
source = "registry+https://github.com/rust-lang/crates.io-index"
checksum = "05c78687fb1a80548ae3250346c3db86a80a7cdd77bda190189f2d0a0987c81a"

[[package]]
name = "void"
version = "1.0.2"
source = "registry+https://github.com/rust-lang/crates.io-index"
checksum = "6a02e4885ed3bc0f2de90ea6dd45ebcbb66dacffe03547fadbb0eeae2770887d"

[[package]]
name = "wayland-client"
version = "0.20.10"
source = "registry+https://github.com/rust-lang/crates.io-index"
checksum = "0f3ed65542a0be13ea0fdcc55c9a011fcc44c3882e6e1a9b4dfddb25182897dd"
dependencies = [
 "bitflags",
 "libc",
 "wayland-commons",
 "wayland-scanner",
 "wayland-sys",
]

[[package]]
name = "wayland-commons"
version = "0.20.10"
source = "registry+https://github.com/rust-lang/crates.io-index"
checksum = "4ac5c79f1d050f4047a82ddce77acda026c142c0023e7b7e20eea5ad76fb7dbf"
dependencies = [
 "downcast-rs",
 "wayland-sys",
]

[[package]]
name = "wayland-protocols"
version = "0.20.10"
source = "registry+https://github.com/rust-lang/crates.io-index"
checksum = "be56e3d80559177a70bc78f9396fbe1705b7baed4951ae6e34d28bb59681b1a8"
dependencies = [
 "bitflags",
 "wayland-client",
 "wayland-commons",
 "wayland-scanner",
 "wayland-sys",
]

[[package]]
name = "wayland-scanner"
version = "0.20.10"
source = "registry+https://github.com/rust-lang/crates.io-index"
checksum = "93cf4ef48caedf3fc1a9b2bf0df64e6d425bd628b85830a08432dd25b61de17c"
dependencies = [
 "xml-rs",
]

[[package]]
name = "wayland-sys"
version = "0.20.10"
source = "registry+https://github.com/rust-lang/crates.io-index"
checksum = "d2dbe7b51c16b8a8153806aaa21f346333074482bb57bc5cb059cc828f8c6842"
dependencies = [
 "dlib",
 "lazy_static 1.0.1",
]

[[package]]
name = "winapi"
version = "0.2.8"
source = "registry+https://github.com/rust-lang/crates.io-index"
checksum = "167dc9d6949a9b857f3451275e911c3f44255842c1f7a76f33c55103a909087a"

[[package]]
name = "winapi"
version = "0.3.5"
source = "registry+https://github.com/rust-lang/crates.io-index"
checksum = "773ef9dcc5f24b7d850d0ff101e542ff24c3b090a9768e03ff889fdef41f00fd"
dependencies = [
 "winapi-i686-pc-windows-gnu",
 "winapi-x86_64-pc-windows-gnu",
]

[[package]]
name = "winapi-build"
version = "0.1.1"
source = "registry+https://github.com/rust-lang/crates.io-index"
checksum = "2d315eee3b34aca4797b2da6b13ed88266e6d612562a0c46390af8299fc699bc"

[[package]]
name = "winapi-i686-pc-windows-gnu"
version = "0.4.0"
source = "registry+https://github.com/rust-lang/crates.io-index"
checksum = "ac3b87c63620426dd9b991e5ce0329eff545bccbbb34f3be09ff6fb6ab51b7b6"

[[package]]
name = "winapi-x86_64-pc-windows-gnu"
version = "0.4.0"
source = "registry+https://github.com/rust-lang/crates.io-index"
checksum = "712e227841d057c1ee1cd2fb22fa7e5a5461ae8e48fa2ca79ec42cfc1931183f"

[[package]]
name = "winit"
version = "0.15.1"
source = "registry+https://github.com/rust-lang/crates.io-index"
checksum = "4bb6ea35de8bd722201914b28a33d503ee45b09fcf85fc4bbf574845e41f79e2"
dependencies = [
 "android_glue",
 "cocoa",
 "core-foundation",
 "core-graphics",
 "lazy_static 1.0.1",
 "libc",
 "objc",
 "parking_lot",
 "percent-encoding",
 "smithay-client-toolkit",
 "wayland-client",
 "winapi 0.3.5",
 "x11-dl",
]

[[package]]
name = "x11-dl"
version = "2.18.0"
source = "registry+https://github.com/rust-lang/crates.io-index"
checksum = "931d8584b49771143af0c422f372d8aef4280afd5920dad39b0a95a8e51df1e9"
dependencies = [
 "lazy_static 1.0.1",
 "libc",
 "pkg-config",
]

[[package]]
name = "xml-rs"
version = "0.7.0"
source = "registry+https://github.com/rust-lang/crates.io-index"
checksum = "3c1cb601d29fe2c2ac60a2b2e5e293994d87a1f6fa9687a31a15270f909be9c2"
dependencies = [
 "bitflags",
]
